
Microsoft Visual Studio Solution File, Format Version 12.00
# Visual Studio Version 17
VisualStudioVersion = 17.6.33829.357
MinimumVisualStudioVersion = 10.0.40219.1
Project("{FAE04EC0-301F-11D3-BF4B-00C04F79EFBC}") = "Chemical Release Pathing", "Chemical Release Pathing.csproj", "{F71394EE-7DAE-4674-AB71-332FBB5B19F3}"
EndProject
Global
	GlobalSection(SolutionConfigurationPlatforms) = preSolution
		Debug|Any CPU = Debug|Any CPU
		Release|Any CPU = Release|Any CPU
	EndGlobalSection
	GlobalSection(ProjectConfigurationPlatforms) = postSolution
		{F71394EE-7DAE-4674-AB71-332FBB5B19F3}.Debug|Any CPU.ActiveCfg = Debug|Any CPU
		{F71394EE-7DAE-4674-AB71-332FBB5B19F3}.Debug|Any CPU.Build.0 = Debug|Any CPU
		{F71394EE-7DAE-4674-AB71-332FBB5B19F3}.Release|Any CPU.ActiveCfg = Release|Any CPU
		{F71394EE-7DAE-4674-AB71-332FBB5B19F3}.Release|Any CPU.Build.0 = Release|Any CPU
	EndGlobalSection
	GlobalSection(SolutionProperties) = preSolution
		HideSolutionNode = FALSE
	EndGlobalSection
	GlobalSection(ExtensibilityGlobals) = postSolution
		SolutionGuid = {3B56A22C-CE2A-4710-B96F-EBA92A7F44B2}
	EndGlobalSection
EndGlobal
